
Microsoft Visual Studio Solution File, Format Version 12.00
# Visual Studio 15
VisualStudioVersion = 15.0.27703.2018
MinimumVisualStudioVersion = 10.0.40219.1
Project("{FAE04EC0-301F-11D3-BF4B-00C04F79EFBC}") = "HelloFromMoabConsole", "HelloFromMoabConsole\HelloFromMoabConsole.csproj", "{A3009D0E-A4E6-4186-B61A-F3207E486A2F}"
EndProject
Project("{FAE04EC0-301F-11D3-BF4B-00C04F79EFBC}") = "Moab.Models", "Moab.Models\Moab.Models.csproj", "{204D7684-B47A-488D-B725-51FB808D6B60}"
EndProject
Project("{FAE04EC0-301F-11D3-BF4B-00C04F79EFBC}") = "MoabTests", "MoabTests\MoabTests.csproj", "{64731E8B-D7EA-4AD9-857A-1B316207F241}"
EndProject
Global
	GlobalSection(SolutionConfigurationPlatforms) = preSolution
		Debug|Any CPU = Debug|Any CPU
		Release|Any CPU = Release|Any CPU
	EndGlobalSection
	GlobalSection(ProjectConfigurationPlatforms) = postSolution
		{A3009D0E-A4E6-4186-B61A-F3207E486A2F}.Debug|Any CPU.ActiveCfg = Debug|Any CPU
		{A3009D0E-A4E6-4186-B61A-F3207E486A2F}.Debug|Any CPU.Build.0 = Debug|Any CPU
		{A3009D0E-A4E6-4186-B61A-F3207E486A2F}.Release|Any CPU.ActiveCfg = Release|Any CPU
		{A3009D0E-A4E6-4186-B61A-F3207E486A2F}.Release|Any CPU.Build.0 = Release|Any CPU
		{204D7684-B47A-488D-B725-51FB808D6B60}.Debug|Any CPU.ActiveCfg = Debug|Any CPU
		{204D7684-B47A-488D-B725-51FB808D6B60}.Debug|Any CPU.Build.0 = Debug|Any CPU
		{204D7684-B47A-488D-B725-51FB808D6B60}.Release|Any CPU.ActiveCfg = Release|Any CPU
		{204D7684-B47A-488D-B725-51FB808D6B60}.Release|Any CPU.Build.0 = Release|Any CPU
		{64731E8B-D7EA-4AD9-857A-1B316207F241}.Debug|Any CPU.ActiveCfg = Debug|Any CPU
		{64731E8B-D7EA-4AD9-857A-1B316207F241}.Debug|Any CPU.Build.0 = Debug|Any CPU
		{64731E8B-D7EA-4AD9-857A-1B316207F241}.Release|Any CPU.ActiveCfg = Release|Any CPU
		{64731E8B-D7EA-4AD9-857A-1B316207F241}.Release|Any CPU.Build.0 = Release|Any CPU
	EndGlobalSection
	GlobalSection(SolutionProperties) = preSolution
		HideSolutionNode = FALSE
	EndGlobalSection
	GlobalSection(ExtensibilityGlobals) = postSolution
		SolutionGuid = {7AD03DB4-3972-445E-A96F-758DFA44B91D}
	EndGlobalSection
EndGlobal
